
Microsoft Visual Studio Solution File, Format Version 12.00
# Visual Studio 14
VisualStudioVersion = 14.0.23107.0
MinimumVisualStudioVersion = 10.0.40219.1
Project("{FAE04EC0-301F-11D3-BF4B-00C04F79EFBC}") = "项目管理", "项目管理\项目管理.csproj", "{6125BF5C-EC17-4208-A1F2-0F74D9E9BBD3}"
EndProject
Project("{FAE04EC0-301F-11D3-BF4B-00C04F79EFBC}") = "项目管理.Tests", "项目管理.Tests\项目管理.Tests.csproj", "{1FF12954-B322-48CE-9F74-3600E891D6FB}"
EndProject
Global
	GlobalSection(SolutionConfigurationPlatforms) = preSolution
		Debug|Any CPU = Debug|Any CPU
		Release|Any CPU = Release|Any CPU
	EndGlobalSection
	GlobalSection(ProjectConfigurationPlatforms) = postSolution
		{6125BF5C-EC17-4208-A1F2-0F74D9E9BBD3}.Debug|Any CPU.ActiveCfg = Debug|Any CPU
		{6125BF5C-EC17-4208-A1F2-0F74D9E9BBD3}.Debug|Any CPU.Build.0 = Debug|Any CPU
		{6125BF5C-EC17-4208-A1F2-0F74D9E9BBD3}.Release|Any CPU.ActiveCfg = Release|Any CPU
		{6125BF5C-EC17-4208-A1F2-0F74D9E9BBD3}.Release|Any CPU.Build.0 = Release|Any CPU
		{1FF12954-B322-48CE-9F74-3600E891D6FB}.Debug|Any CPU.ActiveCfg = Debug|Any CPU
		{1FF12954-B322-48CE-9F74-3600E891D6FB}.Debug|Any CPU.Build.0 = Debug|Any CPU
		{1FF12954-B322-48CE-9F74-3600E891D6FB}.Release|Any CPU.ActiveCfg = Release|Any CPU
		{1FF12954-B322-48CE-9F74-3600E891D6FB}.Release|Any CPU.Build.0 = Release|Any CPU
	EndGlobalSection
	GlobalSection(SolutionProperties) = preSolution
		HideSolutionNode = FALSE
	EndGlobalSection
EndGlobal
